
Microsoft Visual Studio Solution File, Format Version 12.00
# Visual Studio 2015
Project("{FAE04EC0-301F-11D3-BF4B-00C04F79EFBC}") = "mario", "mario.csproj", "{A19E56C7-25CC-8D78-2DAB-945580A9BDA9}"
EndProject
Global
	GlobalSection(SolutionConfigurationPlatforms) = preSolution
		Debug|Any CPU = Debug|Any CPU
		Release|Any CPU = Release|Any CPU
	EndGlobalSection
	GlobalSection(ProjectConfigurationPlatforms) = postSolution
		{A19E56C7-25CC-8D78-2DAB-945580A9BDA9}.Debug|Any CPU.ActiveCfg = Debug|Any CPU
		{A19E56C7-25CC-8D78-2DAB-945580A9BDA9}.Debug|Any CPU.Build.0 = Debug|Any CPU
		{A19E56C7-25CC-8D78-2DAB-945580A9BDA9}.Release|Any CPU.ActiveCfg = Release|Any CPU
		{A19E56C7-25CC-8D78-2DAB-945580A9BDA9}.Release|Any CPU.Build.0 = Release|Any CPU
	EndGlobalSection
	GlobalSection(SolutionProperties) = preSolution
		HideSolutionNode = FALSE
	EndGlobalSection
EndGlobal
